// !$*UTF8*$!
{
	archiveVersion = 1;
	classes = {
	};
	objectVersion = 48;
	objects = {

/* Begin PBXBuildFile section */
		4B36A8022124758600912EDE /* mgpath.cpp in Sources */ = {isa = PBXBuildFile; fileRef = 4B36A7FD2124758600912EDE /* mgpath.cpp */; };
		4B36A8032124758600912EDE /* sqstack.cpp in Sources */ = {isa = PBXBuildFile; fileRef = 4B36A8012124758600912EDE /* sqstack.cpp */; };
		4B36A8072124760900912EDE /* evaluation.cpp in Sources */ = {isa = PBXBuildFile; fileRef = 4B36A8062124760900912EDE /* evaluation.cpp */; };
		4B36A80C2125C50900912EDE /* SqQueue.cpp in Sources */ = {isa = PBXBuildFile; fileRef = 4B36A80B2125C50900912EDE /* SqQueue.cpp */; };
		4B5F574420CC9DC900AE0A4E /* main.cpp in Sources */ = {isa = PBXBuildFile; fileRef = 4B5F574320CC9DC900AE0A4E /* main.cpp */; };
		8E6201552121A56A002E28EC /* kmp.c in Sources */ = {isa = PBXBuildFile; fileRef = 8E6201532121A56A002E28EC /* kmp.c */; };
/* End PBXBuildFile section */

/* Begin PBXCopyFilesBuildPhase section */
		4B5F573E20CC9DC900AE0A4E /* CopyFiles */ = {
			isa = PBXCopyFilesBuildPhase;
			buildActionMask = 2147483647;
			dstPath = /usr/share/man/man1/;
			dstSubfolderSpec = 0;
			files = (
			);
			runOnlyForDeploymentPostprocessing = 1;
		};
/* End PBXCopyFilesBuildPhase section */

/* Begin PBXFileReference section */
		4B36A7FD2124758600912EDE /* mgpath.cpp */ = {isa = PBXFileReference; fileEncoding = 4; lastKnownFileType = sourcecode.cpp.cpp; path = mgpath.cpp; sourceTree = "<group>"; };
		4B36A7FE2124758600912EDE /* mgpath.h */ = {isa = PBXFileReference; fileEncoding = 4; lastKnownFileType = sourcecode.c.h; path = mgpath.h; sourceTree = "<group>"; };
		4B36A8002124758600912EDE /* sqstack.h */ = {isa = PBXFileReference; fileEncoding = 4; lastKnownFileType = sourcecode.c.h; path = sqstack.h; sourceTree = "<group>"; };
		4B36A8012124758600912EDE /* sqstack.cpp */ = {isa = PBXFileReference; fileEncoding = 4; lastKnownFileType = sourcecode.cpp.cpp; path = sqstack.cpp; sourceTree = "<group>"; };
		4B36A8052124760900912EDE /* evaluation.h */ = {isa = PBXFileReference; lastKnownFileType = sourcecode.c.h; path = evaluation.h; sourceTree = "<group>"; };
		4B36A8062124760900912EDE /* evaluation.cpp */ = {isa = PBXFileReference; lastKnownFileType = sourcecode.cpp.cpp; path = evaluation.cpp; sourceTree = "<group>"; };
		4B36A80A2125C50900912EDE /* SqQueue.h */ = {isa = PBXFileReference; lastKnownFileType = sourcecode.c.h; path = SqQueue.h; sourceTree = "<group>"; };
		4B36A80B2125C50900912EDE /* SqQueue.cpp */ = {isa = PBXFileReference; lastKnownFileType = sourcecode.cpp.cpp; path = SqQueue.cpp; sourceTree = "<group>"; };
		4B5F574020CC9DC900AE0A4E /* algorithm */ = {isa = PBXFileReference; explicitFileType = "compiled.mach-o.executable"; includeInIndex = 0; path = algorithm; sourceTree = BUILT_PRODUCTS_DIR; };
		4B5F574320CC9DC900AE0A4E /* main.cpp */ = {isa = PBXFileReference; lastKnownFileType = sourcecode.cpp.cpp; path = main.cpp; sourceTree = "<group>"; };
		8E6201532121A56A002E28EC /* kmp.c */ = {isa = PBXFileReference; lastKnownFileType = sourcecode.c.c; path = kmp.c; sourceTree = "<group>"; };
		8E6201542121A56A002E28EC /* kmp.h */ = {isa = PBXFileReference; lastKnownFileType = sourcecode.c.h; path = kmp.h; sourceTree = "<group>"; };
/* End PBXFileReference section */

/* Begin PBXFrameworksBuildPhase section */
		4B5F573D20CC9DC900AE0A4E /* Frameworks */ = {
			isa = PBXFrameworksBuildPhase;
			buildActionMask = 2147483647;
			files = (
			);
			runOnlyForDeploymentPostprocessing = 0;
		};
/* End PBXFrameworksBuildPhase section */

/* Begin PBXGroup section */
		4B36A7FB2124758600912EDE /* stack */ = {
			isa = PBXGroup;
			children = (
				4B36A804212475CD00912EDE /* expression_evaluation */,
				4B36A7FC2124758600912EDE /* maze */,
				4B36A7FF2124758600912EDE /* base */,
			);
			path = stack;
			sourceTree = "<group>";
		};
		4B36A7FC2124758600912EDE /* maze */ = {
			isa = PBXGroup;
			children = (
				4B36A7FE2124758600912EDE /* mgpath.h */,
				4B36A7FD2124758600912EDE /* mgpath.cpp */,
			);
			path = maze;
			sourceTree = "<group>";
		};
		4B36A7FF2124758600912EDE /* base */ = {
			isa = PBXGroup;
			children = (
				4B36A8002124758600912EDE /* sqstack.h */,
				4B36A8012124758600912EDE /* sqstack.cpp */,
			);
			path = base;
			sourceTree = "<group>";
		};
		4B36A804212475CD00912EDE /* expression_evaluation */ = {
			isa = PBXGroup;
			children = (
				4B36A8052124760900912EDE /* evaluation.h */,
				4B36A8062124760900912EDE /* evaluation.cpp */,
			);
			path = expression_evaluation;
			sourceTree = "<group>";
		};
		4B36A8082125C4E900912EDE /* queue */ = {
			isa = PBXGroup;
			children = (
				4B36A8092125C4E900912EDE /* base */,
			);
			path = queue;
			sourceTree = "<group>";
		};
		4B36A8092125C4E900912EDE /* base */ = {
			isa = PBXGroup;
			children = (
				4B36A80A2125C50900912EDE /* SqQueue.h */,
				4B36A80B2125C50900912EDE /* SqQueue.cpp */,
			);
			path = base;
			sourceTree = "<group>";
		};
		4B5F573720CC9DC900AE0A4E = {
			isa = PBXGroup;
			children = (
				4B5F574220CC9DC900AE0A4E /* algrothm */,
				4B5F574120CC9DC900AE0A4E /* Products */,
			);
			sourceTree = "<group>";
		};
		4B5F574120CC9DC900AE0A4E /* Products */ = {
			isa = PBXGroup;
			children = (
				4B5F574020CC9DC900AE0A4E /* algorithm */,
			);
			name = Products;
			sourceTree = "<group>";
		};
		4B5F574220CC9DC900AE0A4E /* algrothm */ = {
			isa = PBXGroup;
			children = (
				4B36A8082125C4E900912EDE /* queue */,
				4B36A7FB2124758600912EDE /* stack */,
				8E6201512121A53E002E28EC /* string */,
				4B5F574320CC9DC900AE0A4E /* main.cpp */,
			);
			path = algrothm;
			sourceTree = "<group>";
		};
		8E6201512121A53E002E28EC /* string */ = {
			isa = PBXGroup;
			children = (
				8E6201542121A56A002E28EC /* kmp.h */,
				8E6201532121A56A002E28EC /* kmp.c */,
			);
			path = string;
			sourceTree = "<group>";
		};
/* End PBXGroup section */

/* Begin PBXNativeTarget section */
		4B5F573F20CC9DC900AE0A4E /* algorithm */ = {
			isa = PBXNativeTarget;
			buildConfigurationList = 4B5F574720CC9DC900AE0A4E /* Build configuration list for PBXNativeTarget "algorithm" */;
			buildPhases = (
				4B5F573C20CC9DC900AE0A4E /* Sources */,
				4B5F573D20CC9DC900AE0A4E /* Frameworks */,
				4B5F573E20CC9DC900AE0A4E /* CopyFiles */,
			);
			buildRules = (
			);
			dependencies = (
			);
			name = algorithm;
			productName = agrothim;
			productReference = 4B5F574020CC9DC900AE0A4E /* algorithm */;
			productType = "com.apple.product-type.tool";
		};
/* End PBXNativeTarget section */

/* Begin PBXProject section */
		4B5F573820CC9DC900AE0A4E /* Project object */ = {
			isa = PBXProject;
			attributes = {
				LastUpgradeCheck = 0900;
				ORGANIZATIONNAME = pbyi;
				TargetAttributes = {
					4B5F573F20CC9DC900AE0A4E = {
						CreatedOnToolsVersion = 9.0;
						ProvisioningStyle = Manual;
					};
				};
			};
			buildConfigurationList = 4B5F573B20CC9DC900AE0A4E /* Build configuration list for PBXProject "algorithm" */;
			compatibilityVersion = "Xcode 8.0";
			developmentRegion = en;
			hasScannedForEncodings = 0;
			knownRegions = (
				en,
			);
			mainGroup = 4B5F573720CC9DC900AE0A4E;
			productRefGroup = 4B5F574120CC9DC900AE0A4E /* Products */;
			projectDirPath = "";
			projectRoot = "";
			targets = (
				4B5F573F20CC9DC900AE0A4E /* algorithm */,
			);
		};
/* End PBXProject section */

/* Begin PBXSourcesBuildPhase section */
		4B5F573C20CC9DC900AE0A4E /* Sources */ = {
			isa = PBXSourcesBuildPhase;
			buildActionMask = 2147483647;
			files = (
				8E6201552121A56A002E28EC /* kmp.c in Sources */,
				4B36A8072124760900912EDE /* evaluation.cpp in Sources */,
				4B36A8022124758600912EDE /* mgpath.cpp in Sources */,
				4B36A8032124758600912EDE /* sqstack.cpp in Sources */,
				4B5F574420CC9DC900AE0A4E /* main.cpp in Sources */,
				4B36A80C2125C50900912EDE /* SqQueue.cpp in Sources */,
			);
			runOnlyForDeploymentPostprocessing = 0;
		};
/* End PBXSourcesBuildPhase section */

/* Begin XCBuildConfiguration section */
		4B5F574520CC9DC900AE0A4E /* Debug */ = {
			isa = XCBuildConfiguration;
			buildSettings = {
				ALWAYS_SEARCH_USER_PATHS = NO;
				CLANG_ANALYZER_NONNULL = YES;
				CLANG_ANALYZER_NUMBER_OBJECT_CONVERSION = YES_AGGRESSIVE;
				CLANG_CXX_LANGUAGE_STANDARD = "gnu++14";
				CLANG_CXX_LIBRARY = "libc++";
				CLANG_ENABLE_MODULES = YES;
				CLANG_ENABLE_OBJC_ARC = YES;
				CLANG_WARN_BLOCK_CAPTURE_AUTORELEASING = YES;
				CLANG_WARN_BOOL_CONVERSION = YES;
				CLANG_WARN_COMMA = YES;
				CLANG_WARN_CONSTANT_CONVERSION = YES;
				CLANG_WARN_DIRECT_OBJC_ISA_USAGE = YES_ERROR;
				CLANG_WARN_DOCUMENTATION_COMMENTS = YES;
				CLANG_WARN_EMPTY_BODY = YES;
				CLANG_WARN_ENUM_CONVERSION = YES;
				CLANG_WARN_INFINITE_RECURSION = YES;
				CLANG_WARN_INT_CONVERSION = YES;
				CLANG_WARN_NON_LITERAL_NULL_CONVERSION = YES;
				CLANG_WARN_OBJC_LITERAL_CONVERSION = YES;
				CLANG_WARN_OBJC_ROOT_CLASS = YES_ERROR;
				CLANG_WARN_RANGE_LOOP_ANALYSIS = YES;
				CLANG_WARN_STRICT_PROTOTYPES = YES;
				CLANG_WARN_SUSPICIOUS_MOVE = YES;
				CLANG_WARN_UNGUARDED_AVAILABILITY = YES_AGGRESSIVE;
				CLANG_WARN_UNREACHABLE_CODE = YES;
				CLANG_WARN__DUPLICATE_METHOD_MATCH = YES;
				CODE_SIGN_IDENTITY = "-";
				COPY_PHASE_STRIP = NO;
				DEBUG_INFORMATION_FORMAT = dwarf;
				ENABLE_STRICT_OBJC_MSGSEND = YES;
				ENABLE_TESTABILITY = YES;
				GCC_C_LANGUAGE_STANDARD = gnu11;
				GCC_DYNAMIC_NO_PIC = NO;
				GCC_NO_COMMON_BLOCKS = YES;
				GCC_OPTIMIZATION_LEVEL = 0;
				GCC_PREPROCESSOR_DEFINITIONS = (
					"DEBUG=1",
					"$(inherited)",
				);
				GCC_WARN_64_TO_32_BIT_CONVERSION = YES;
				GCC_WARN_ABOUT_RETURN_TYPE = YES_ERROR;
				GCC_WARN_UNDECLARED_SELECTOR = YES;
				GCC_WARN_UNINITIALIZED_AUTOS = YES_AGGRESSIVE;
				GCC_WARN_UNUSED_FUNCTION = YES;
				GCC_WARN_UNUSED_VARIABLE = YES;
				MACOSX_DEPLOYMENT_TARGET = 10.13;
				MTL_ENABLE_DEBUG_INFO = YES;
				ONLY_ACTIVE_ARCH = YES;
				SDKROOT = macosx;
			};
			name = Debug;
		};
		4B5F574620CC9DC900AE0A4E /* Release */ = {
			isa = XCBuildConfiguration;
			buildSettings = {
				ALWAYS_SEARCH_USER_PATHS = NO;
				CLANG_ANALYZER_NONNULL = YES;
				CLANG_ANALYZER_NUMBER_OBJECT_CONVERSION = YES_AGGRESSIVE;
				CLANG_CXX_LANGUAGE_STANDARD = "gnu++14";
				CLANG_CXX_LIBRARY = "libc++";
				CLANG_ENABLE_MODULES = YES;
				CLANG_ENABLE_OBJC_ARC = YES;
				CLANG_WARN_BLOCK_CAPTURE_AUTORELEASING = YES;
				CLANG_WARN_BOOL_CONVERSION = YES;
				CLANG_WARN_COMMA = YES;
				CLANG_WARN_CONSTANT_CONVERSION = YES;
				CLANG_WARN_DIRECT_OBJC_ISA_USAGE = YES_ERROR;
				CLANG_WARN_DOCUMENTATION_COMMENTS = YES;
				CLANG_WARN_EMPTY_BODY = YES;
				CLANG_WARN_ENUM_CONVERSION = YES;
				CLANG_WARN_INFINITE_RECURSION = YES;
				CLANG_WARN_INT_CONVERSION = YES;
				CLANG_WARN_NON_LITERAL_NULL_CONVERSION = YES;
				CLANG_WARN_OBJC_LITERAL_CONVERSION = YES;
				CLANG_WARN_OBJC_ROOT_CLASS = YES_ERROR;
				CLANG_WARN_RANGE_LOOP_ANALYSIS = YES;
				CLANG_WARN_STRICT_PROTOTYPES = YES;
				CLANG_WARN_SUSPICIOUS_MOVE = YES;
				CLANG_WARN_UNGUARDED_AVAILABILITY = YES_AGGRESSIVE;
				CLANG_WARN_UNREACHABLE_CODE = YES;
				CLANG_WARN__DUPLICATE_METHOD_MATCH = YES;
				CODE_SIGN_IDENTITY = "-";
				COPY_PHASE_STRIP = NO;
				DEBUG_INFORMATION_FORMAT = "dwarf-with-dsym";
				ENABLE_NS_ASSERTIONS = NO;
				ENABLE_STRICT_OBJC_MSGSEND = YES;
				GCC_C_LANGUAGE_STANDARD = gnu11;
				GCC_NO_COMMON_BLOCKS = YES;
				GCC_WARN_64_TO_32_BIT_CONVERSION = YES;
				GCC_WARN_ABOUT_RETURN_TYPE = YES_ERROR;
				GCC_WARN_UNDECLARED_SELECTOR = YES;
				GCC_WARN_UNINITIALIZED_AUTOS = YES_AGGRESSIVE;
				GCC_WARN_UNUSED_FUNCTION = YES;
				GCC_WARN_UNUSED_VARIABLE = YES;
				MACOSX_DEPLOYMENT_TARGET = 10.13;
				MTL_ENABLE_DEBUG_INFO = NO;
				SDKROOT = macosx;
			};
			name = Release;
		};
		4B5F574820CC9DC900AE0A4E /* Debug */ = {
			isa = XCBuildConfiguration;
			buildSettings = {
				CODE_SIGN_STYLE = Manual;
				DEVELOPMENT_TEAM = "";
				MACOSX_DEPLOYMENT_TARGET = 10.12;
				PRODUCT_NAME = "$(TARGET_NAME)";
				PROVISIONING_PROFILE_SPECIFIER = "";
			};
			name = Debug;
		};
		4B5F574920CC9DC900AE0A4E /* Release */ = {
			isa = XCBuildConfiguration;
			buildSettings = {
				CODE_SIGN_STYLE = Manual;
				DEVELOPMENT_TEAM = "";
				MACOSX_DEPLOYMENT_TARGET = 10.12;
				PRODUCT_NAME = "$(TARGET_NAME)";
				PROVISIONING_PROFILE_SPECIFIER = "";
			};
			name = Release;
		};
/* End XCBuildConfiguration section */

/* Begin XCConfigurationList section */
		4B5F573B20CC9DC900AE0A4E /* Build configuration list for PBXProject "algorithm" */ = {
			isa = XCConfigurationList;
			buildConfigurations = (
				4B5F574520CC9DC900AE0A4E /* Debug */,
				4B5F574620CC9DC900AE0A4E /* Release */,
			);
			defaultConfigurationIsVisible = 0;
			defaultConfigurationName = Release;
		};
		4B5F574720CC9DC900AE0A4E /* Build configuration list for PBXNativeTarget "algorithm" */ = {
			isa = XCConfigurationList;
			buildConfigurations = (
				4B5F574820CC9DC900AE0A4E /* Debug */,
				4B5F574920CC9DC900AE0A4E /* Release */,
			);
			defaultConfigurationIsVisible = 0;
			defaultConfigurationName = Release;
		};
/* End XCConfigurationList section */
	};
	rootObject = 4B5F573820CC9DC900AE0A4E /* Project object */;
}
